
Microsoft Visual Studio Solution File, Format Version 12.00
# Visual Studio Version 16
VisualStudioVersion = 16.0.30114.105
MinimumVisualStudioVersion = 10.0.40219.1
Project("{FAE04EC0-301F-11D3-BF4B-00C04F79EFBC}") = "WebApplication", "WebApplication\WebApplication.csproj", "{DF0EE197-B7FD-42B9-9CB0-AE21251AC68A}"
EndProject
Global
	GlobalSection(SolutionConfigurationPlatforms) = preSolution
		Debug|Any CPU = Debug|Any CPU
		Release|Any CPU = Release|Any CPU
	EndGlobalSection
	GlobalSection(ProjectConfigurationPlatforms) = postSolution
		{DF0EE197-B7FD-42B9-9CB0-AE21251AC68A}.Debug|Any CPU.ActiveCfg = Debug|Any CPU
		{DF0EE197-B7FD-42B9-9CB0-AE21251AC68A}.Debug|Any CPU.Build.0 = Debug|Any CPU
		{DF0EE197-B7FD-42B9-9CB0-AE21251AC68A}.Release|Any CPU.ActiveCfg = Release|Any CPU
		{DF0EE197-B7FD-42B9-9CB0-AE21251AC68A}.Release|Any CPU.Build.0 = Release|Any CPU
	EndGlobalSection
	GlobalSection(SolutionProperties) = preSolution
		HideSolutionNode = FALSE
	EndGlobalSection
	GlobalSection(ExtensibilityGlobals) = postSolution
		SolutionGuid = {000ED1B5-2ADA-48E6-AB97-D3DCE2A82681}
	EndGlobalSection
EndGlobal
